// !$*UTF8*$!
{
	archiveVersion = 1;
	classes = {
	};
	objectVersion = 50;
	objects = {

/* Begin PBXBuildFile section */
		379FC53B20EA68A800C4E199 /* TableViewController.swift in Sources */ = {isa = PBXBuildFile; fileRef = 379FC53A20EA68A800C4E199 /* TableViewController.swift */; };
		379FC53D20EA690C00C4E199 /* EditViewController.swift in Sources */ = {isa = PBXBuildFile; fileRef = 379FC53C20EA690C00C4E199 /* EditViewController.swift */; };
		37D4000020DFC0360047D88B /* Assets.xcassets in Resources */ = {isa = PBXBuildFile; fileRef = 37D4FFFF20DFC0360047D88B /* Assets.xcassets */; };
		37D4000320DFC0370047D88B /* LaunchScreen.storyboard in Resources */ = {isa = PBXBuildFile; fileRef = 37D4000120DFC0370047D88B /* LaunchScreen.storyboard */; };
		37D4000B20E198550047D88B /* InformationViewController.swift in Sources */ = {isa = PBXBuildFile; fileRef = 37D4000A20E198550047D88B /* InformationViewController.swift */; };
		37D400B520FE160C0060EF94 /* SongListViewController.swift in Sources */ = {isa = PBXBuildFile; fileRef = 37D400B420FE160C0060EF94 /* SongListViewController.swift */; };
		37D4FFF420DFC0330047D88B /* AppDelegate.swift in Sources */ = {isa = PBXBuildFile; fileRef = 37D4FFF320DFC0330047D88B /* AppDelegate.swift */; };
		37D4FFF720DFC0330047D88B /* Ran.xcdatamodeld in Sources */ = {isa = PBXBuildFile; fileRef = 37D4FFF520DFC0330047D88B /* Ran.xcdatamodeld */; };
		37D4FFF920DFC0330047D88B /* MasterViewController.swift in Sources */ = {isa = PBXBuildFile; fileRef = 37D4FFF820DFC0330047D88B /* MasterViewController.swift */; };
		37D4FFFB20DFC0330047D88B /* DetailViewController.swift in Sources */ = {isa = PBXBuildFile; fileRef = 37D4FFFA20DFC0330047D88B /* DetailViewController.swift */; };
		37D4FFFE20DFC0330047D88B /* Main.storyboard in Resources */ = {isa = PBXBuildFile; fileRef = 37D4FFFC20DFC0330047D88B /* Main.storyboard */; };
/* End PBXBuildFile section */

/* Begin PBXFileReference section */
		379FC53A20EA68A800C4E199 /* TableViewController.swift */ = {isa = PBXFileReference; lastKnownFileType = sourcecode.swift; path = TableViewController.swift; sourceTree = "<group>"; };
		379FC53C20EA690C00C4E199 /* EditViewController.swift */ = {isa = PBXFileReference; lastKnownFileType = sourcecode.swift; path = EditViewController.swift; sourceTree = "<group>"; };
		37D4000220DFC0370047D88B /* Base */ = {isa = PBXFileReference; lastKnownFileType = file.storyboard; name = Base; path = Base.lproj/LaunchScreen.storyboard; sourceTree = "<group>"; };
		37D4000420DFC0370047D88B /* Info.plist */ = {isa = PBXFileReference; lastKnownFileType = text.plist.xml; path = Info.plist; sourceTree = "<group>"; };
		37D4000A20E198550047D88B /* InformationViewController.swift */ = {isa = PBXFileReference; lastKnownFileType = sourcecode.swift; path = InformationViewController.swift; sourceTree = "<group>"; };
		37D400B420FE160C0060EF94 /* SongListViewController.swift */ = {isa = PBXFileReference; lastKnownFileType = sourcecode.swift; path = SongListViewController.swift; sourceTree = "<group>"; };
		37D4FFF020DFC0330047D88B /* Ran.app */ = {isa = PBXFileReference; explicitFileType = wrapper.application; includeInIndex = 0; path = Ran.app; sourceTree = BUILT_PRODUCTS_DIR; };
		37D4FFF320DFC0330047D88B /* AppDelegate.swift */ = {isa = PBXFileReference; lastKnownFileType = sourcecode.swift; path = AppDelegate.swift; sourceTree = "<group>"; };
		37D4FFF620DFC0330047D88B /* Ran.xcdatamodel */ = {isa = PBXFileReference; lastKnownFileType = wrapper.xcdatamodel; path = Ran.xcdatamodel; sourceTree = "<group>"; };
		37D4FFF820DFC0330047D88B /* MasterViewController.swift */ = {isa = PBXFileReference; lastKnownFileType = sourcecode.swift; path = MasterViewController.swift; sourceTree = "<group>"; };
		37D4FFFA20DFC0330047D88B /* DetailViewController.swift */ = {isa = PBXFileReference; lastKnownFileType = sourcecode.swift; path = DetailViewController.swift; sourceTree = "<group>"; };
		37D4FFFD20DFC0330047D88B /* Base */ = {isa = PBXFileReference; lastKnownFileType = file.storyboard; name = Base; path = Base.lproj/Main.storyboard; sourceTree = "<group>"; };
		37D4FFFF20DFC0360047D88B /* Assets.xcassets */ = {isa = PBXFileReference; lastKnownFileType = folder.assetcatalog; path = Assets.xcassets; sourceTree = "<group>"; };
/* End PBXFileReference section */

/* Begin PBXFrameworksBuildPhase section */
		37D4FFED20DFC0330047D88B /* Frameworks */ = {
			isa = PBXFrameworksBuildPhase;
			buildActionMask = 2147483647;
			files = (
			);
			runOnlyForDeploymentPostprocessing = 0;
		};
/* End PBXFrameworksBuildPhase section */

/* Begin PBXGroup section */
		37D4FFE720DFC0320047D88B = {
			isa = PBXGroup;
			children = (
				37D4FFF220DFC0330047D88B /* Ran */,
				37D4FFF120DFC0330047D88B /* Products */,
			);
			sourceTree = "<group>";
		};
		37D4FFF120DFC0330047D88B /* Products */ = {
			isa = PBXGroup;
			children = (
				37D4FFF020DFC0330047D88B /* Ran.app */,
			);
			name = Products;
			sourceTree = "<group>";
		};
		37D4FFF220DFC0330047D88B /* Ran */ = {
			isa = PBXGroup;
			children = (
				37D4FFF320DFC0330047D88B /* AppDelegate.swift */,
				37D4FFF820DFC0330047D88B /* MasterViewController.swift */,
				37D4FFFA20DFC0330047D88B /* DetailViewController.swift */,
				37D4000A20E198550047D88B /* InformationViewController.swift */,
				37D400B420FE160C0060EF94 /* SongListViewController.swift */,
				379FC53A20EA68A800C4E199 /* TableViewController.swift */,
				379FC53C20EA690C00C4E199 /* EditViewController.swift */,
				37D4FFFC20DFC0330047D88B /* Main.storyboard */,
				37D4FFFF20DFC0360047D88B /* Assets.xcassets */,
				37D4000120DFC0370047D88B /* LaunchScreen.storyboard */,
				37D4000420DFC0370047D88B /* Info.plist */,
				37D4FFF520DFC0330047D88B /* Ran.xcdatamodeld */,
			);
			path = Ran;
			sourceTree = "<group>";
		};
/* End PBXGroup section */

/* Begin PBXNativeTarget section */
		37D4FFEF20DFC0330047D88B /* Ran */ = {
			isa = PBXNativeTarget;
			buildConfigurationList = 37D4000720DFC0370047D88B /* Build configuration list for PBXNativeTarget "Ran" */;
			buildPhases = (
				37D4FFEC20DFC0330047D88B /* Sources */,
				37D4FFED20DFC0330047D88B /* Frameworks */,
				37D4FFEE20DFC0330047D88B /* Resources */,
			);
			buildRules = (
			);
			dependencies = (
			);
			name = Ran;
			productName = Ran;
			productReference = 37D4FFF020DFC0330047D88B /* Ran.app */;
			productType = "com.apple.product-type.application";
		};
/* End PBXNativeTarget section */

/* Begin PBXProject section */
		37D4FFE820DFC0320047D88B /* Project object */ = {
			isa = PBXProject;
			attributes = {
				LastSwiftUpdateCheck = 0940;
				LastUpgradeCheck = 0940;
				ORGANIZATIONNAME = "平岡 建";
				TargetAttributes = {
					37D4FFEF20DFC0330047D88B = {
						CreatedOnToolsVersion = 9.4.1;
					};
				};
			};
			buildConfigurationList = 37D4FFEB20DFC0320047D88B /* Build configuration list for PBXProject "Ran" */;
			compatibilityVersion = "Xcode 9.3";
			developmentRegion = en;
			hasScannedForEncodings = 0;
			knownRegions = (
				en,
				Base,
			);
			mainGroup = 37D4FFE720DFC0320047D88B;
			productRefGroup = 37D4FFF120DFC0330047D88B /* Products */;
			projectDirPath = "";
			projectRoot = "";
			targets = (
				37D4FFEF20DFC0330047D88B /* Ran */,
			);
		};
/* End PBXProject section */

/* Begin PBXResourcesBuildPhase section */
		37D4FFEE20DFC0330047D88B /* Resources */ = {
			isa = PBXResourcesBuildPhase;
			buildActionMask = 2147483647;
			files = (
				37D4000320DFC0370047D88B /* LaunchScreen.storyboard in Resources */,
				37D4000020DFC0360047D88B /* Assets.xcassets in Resources */,
				37D4FFFE20DFC0330047D88B /* Main.storyboard in Resources */,
			);
			runOnlyForDeploymentPostprocessing = 0;
		};
/* End PBXResourcesBuildPhase section */

/* Begin PBXSourcesBuildPhase section */
		37D4FFEC20DFC0330047D88B /* Sources */ = {
			isa = PBXSourcesBuildPhase;
			buildActionMask = 2147483647;
			files = (
				37D4FFF420DFC0330047D88B /* AppDelegate.swift in Sources */,
				37D400B520FE160C0060EF94 /* SongListViewController.swift in Sources */,
				379FC53B20EA68A800C4E199 /* TableViewController.swift in Sources */,
				37D4FFF720DFC0330047D88B /* Ran.xcdatamodeld in Sources */,
				37D4FFF920DFC0330047D88B /* MasterViewController.swift in Sources */,
				37D4FFFB20DFC0330047D88B /* DetailViewController.swift in Sources */,
				37D4000B20E198550047D88B /* InformationViewController.swift in Sources */,
				379FC53D20EA690C00C4E199 /* EditViewController.swift in Sources */,
			);
			runOnlyForDeploymentPostprocessing = 0;
		};
/* End PBXSourcesBuildPhase section */

/* Begin PBXVariantGroup section */
		37D4000120DFC0370047D88B /* LaunchScreen.storyboard */ = {
			isa = PBXVariantGroup;
			children = (
				37D4000220DFC0370047D88B /* Base */,
			);
			name = LaunchScreen.storyboard;
			sourceTree = "<group>";
		};
		37D4FFFC20DFC0330047D88B /* Main.storyboard */ = {
			isa = PBXVariantGroup;
			children = (
				37D4FFFD20DFC0330047D88B /* Base */,
			);
			name = Main.storyboard;
			sourceTree = "<group>";
		};
/* End PBXVariantGroup section */

/* Begin XCBuildConfiguration section */
		37D4000520DFC0370047D88B /* Debug */ = {
			isa = XCBuildConfiguration;
			buildSettings = {
				ALWAYS_SEARCH_USER_PATHS = NO;
				CLANG_ANALYZER_NONNULL = YES;
				CLANG_ANALYZER_NUMBER_OBJECT_CONVERSION = YES_AGGRESSIVE;
				CLANG_CXX_LANGUAGE_STANDARD = "gnu++14";
				CLANG_CXX_LIBRARY = "libc++";
				CLANG_ENABLE_MODULES = YES;
				CLANG_ENABLE_OBJC_ARC = YES;
				CLANG_ENABLE_OBJC_WEAK = YES;
				CLANG_WARN_BLOCK_CAPTURE_AUTORELEASING = YES;
				CLANG_WARN_BOOL_CONVERSION = YES;
				CLANG_WARN_COMMA = YES;
				CLANG_WARN_CONSTANT_CONVERSION = YES;
				CLANG_WARN_DEPRECATED_OBJC_IMPLEMENTATIONS = YES;
				CLANG_WARN_DIRECT_OBJC_ISA_USAGE = YES_ERROR;
				CLANG_WARN_DOCUMENTATION_COMMENTS = YES;
				CLANG_WARN_EMPTY_BODY = YES;
				CLANG_WARN_ENUM_CONVERSION = YES;
				CLANG_WARN_INFINITE_RECURSION = YES;
				CLANG_WARN_INT_CONVERSION = YES;
				CLANG_WARN_NON_LITERAL_NULL_CONVERSION = YES;
				CLANG_WARN_OBJC_IMPLICIT_RETAIN_SELF = YES;
				CLANG_WARN_OBJC_LITERAL_CONVERSION = YES;
				CLANG_WARN_OBJC_ROOT_CLASS = YES_ERROR;
				CLANG_WARN_RANGE_LOOP_ANALYSIS = YES;
				CLANG_WARN_STRICT_PROTOTYPES = YES;
				CLANG_WARN_SUSPICIOUS_MOVE = YES;
				CLANG_WARN_UNGUARDED_AVAILABILITY = YES_AGGRESSIVE;
				CLANG_WARN_UNREACHABLE_CODE = YES;
				CLANG_WARN__DUPLICATE_METHOD_MATCH = YES;
				CODE_SIGN_IDENTITY = "iPhone Developer";
				COPY_PHASE_STRIP = NO;
				DEBUG_INFORMATION_FORMAT = dwarf;
				ENABLE_STRICT_OBJC_MSGSEND = YES;
				ENABLE_TESTABILITY = YES;
				GCC_C_LANGUAGE_STANDARD = gnu11;
				GCC_DYNAMIC_NO_PIC = NO;
				GCC_NO_COMMON_BLOCKS = YES;
				GCC_OPTIMIZATION_LEVEL = 0;
				GCC_PREPROCESSOR_DEFINITIONS = (
					"DEBUG=1",
					"$(inherited)",
				);
				GCC_WARN_64_TO_32_BIT_CONVERSION = YES;
				GCC_WARN_ABOUT_RETURN_TYPE = YES_ERROR;
				GCC_WARN_UNDECLARED_SELECTOR = YES;
				GCC_WARN_UNINITIALIZED_AUTOS = YES_AGGRESSIVE;
				GCC_WARN_UNUSED_FUNCTION = YES;
				GCC_WARN_UNUSED_VARIABLE = YES;
				IPHONEOS_DEPLOYMENT_TARGET = 11.4;
				MTL_ENABLE_DEBUG_INFO = YES;
				ONLY_ACTIVE_ARCH = YES;
				SDKROOT = iphoneos;
				SWIFT_ACTIVE_COMPILATION_CONDITIONS = DEBUG;
				SWIFT_OPTIMIZATION_LEVEL = "-Onone";
			};
			name = Debug;
		};
		37D4000620DFC0370047D88B /* Release */ = {
			isa = XCBuildConfiguration;
			buildSettings = {
				ALWAYS_SEARCH_USER_PATHS = NO;
				CLANG_ANALYZER_NONNULL = YES;
				CLANG_ANALYZER_NUMBER_OBJECT_CONVERSION = YES_AGGRESSIVE;
				CLANG_CXX_LANGUAGE_STANDARD = "gnu++14";
				CLANG_CXX_LIBRARY = "libc++";
				CLANG_ENABLE_MODULES = YES;
				CLANG_ENABLE_OBJC_ARC = YES;
				CLANG_ENABLE_OBJC_WEAK = YES;
				CLANG_WARN_BLOCK_CAPTURE_AUTORELEASING = YES;
				CLANG_WARN_BOOL_CONVERSION = YES;
				CLANG_WARN_COMMA = YES;
				CLANG_WARN_CONSTANT_CONVERSION = YES;
				CLANG_WARN_DEPRECATED_OBJC_IMPLEMENTATIONS = YES;
				CLANG_WARN_DIRECT_OBJC_ISA_USAGE = YES_ERROR;
				CLANG_WARN_DOCUMENTATION_COMMENTS = YES;
				CLANG_WARN_EMPTY_BODY = YES;
				CLANG_WARN_ENUM_CONVERSION = YES;
				CLANG_WARN_INFINITE_RECURSION = YES;
				CLANG_WARN_INT_CONVERSION = YES;
				CLANG_WARN_NON_LITERAL_NULL_CONVERSION = YES;
				CLANG_WARN_OBJC_IMPLICIT_RETAIN_SELF = YES;
				CLANG_WARN_OBJC_LITERAL_CONVERSION = YES;
				CLANG_WARN_OBJC_ROOT_CLASS = YES_ERROR;
				CLANG_WARN_RANGE_LOOP_ANALYSIS = YES;
				CLANG_WARN_STRICT_PROTOTYPES = YES;
				CLANG_WARN_SUSPICIOUS_MOVE = YES;
				CLANG_WARN_UNGUARDED_AVAILABILITY = YES_AGGRESSIVE;
				CLANG_WARN_UNREACHABLE_CODE = YES;
				CLANG_WARN__DUPLICATE_METHOD_MATCH = YES;
				CODE_SIGN_IDENTITY = "iPhone Developer";
				COPY_PHASE_STRIP = NO;
				DEBUG_INFORMATION_FORMAT = "dwarf-with-dsym";
				ENABLE_NS_ASSERTIONS = NO;
				ENABLE_STRICT_OBJC_MSGSEND = YES;
				GCC_C_LANGUAGE_STANDARD = gnu11;
				GCC_NO_COMMON_BLOCKS = YES;
				GCC_WARN_64_TO_32_BIT_CONVERSION = YES;
				GCC_WARN_ABOUT_RETURN_TYPE = YES_ERROR;
				GCC_WARN_UNDECLARED_SELECTOR = YES;
				GCC_WARN_UNINITIALIZED_AUTOS = YES_AGGRESSIVE;
				GCC_WARN_UNUSED_FUNCTION = YES;
				GCC_WARN_UNUSED_VARIABLE = YES;
				IPHONEOS_DEPLOYMENT_TARGET = 11.4;
				MTL_ENABLE_DEBUG_INFO = NO;
				SDKROOT = iphoneos;
				SWIFT_COMPILATION_MODE = wholemodule;
				SWIFT_OPTIMIZATION_LEVEL = "-O";
				VALIDATE_PRODUCT = YES;
			};
			name = Release;
		};
		37D4000820DFC0370047D88B /* Debug */ = {
			isa = XCBuildConfiguration;
			buildSettings = {
				ASSETCATALOG_COMPILER_APPICON_NAME = AppIcon;
				CODE_SIGN_STYLE = Automatic;
				DEVELOPMENT_TEAM = DC942L53RU;
				INFOPLIST_FILE = Ran/Info.plist;
				LD_RUNPATH_SEARCH_PATHS = (
					"$(inherited)",
					"@executable_path/Frameworks",
				);
				PRODUCT_BUNDLE_IDENTIFIER = tatsuru.hiraoka.Ran;
				PRODUCT_NAME = "$(TARGET_NAME)";
				SWIFT_VERSION = 4.0;
				TARGETED_DEVICE_FAMILY = "1,2";
			};
			name = Debug;
		};
		37D4000920DFC0370047D88B /* Release */ = {
			isa = XCBuildConfiguration;
			buildSettings = {
				ASSETCATALOG_COMPILER_APPICON_NAME = AppIcon;
				CODE_SIGN_STYLE = Automatic;
				DEVELOPMENT_TEAM = DC942L53RU;
				INFOPLIST_FILE = Ran/Info.plist;
				LD_RUNPATH_SEARCH_PATHS = (
					"$(inherited)",
					"@executable_path/Frameworks",
				);
				PRODUCT_BUNDLE_IDENTIFIER = tatsuru.hiraoka.Ran;
				PRODUCT_NAME = "$(TARGET_NAME)";
				SWIFT_VERSION = 4.0;
				TARGETED_DEVICE_FAMILY = "1,2";
			};
			name = Release;
		};
/* End XCBuildConfiguration section */

/* Begin XCConfigurationList section */
		37D4000720DFC0370047D88B /* Build configuration list for PBXNativeTarget "Ran" */ = {
			isa = XCConfigurationList;
			buildConfigurations = (
				37D4000820DFC0370047D88B /* Debug */,
				37D4000920DFC0370047D88B /* Release */,
			);
			defaultConfigurationIsVisible = 0;
			defaultConfigurationName = Release;
		};
		37D4FFEB20DFC0320047D88B /* Build configuration list for PBXProject "Ran" */ = {
			isa = XCConfigurationList;
			buildConfigurations = (
				37D4000520DFC0370047D88B /* Debug */,
				37D4000620DFC0370047D88B /* Release */,
			);
			defaultConfigurationIsVisible = 0;
			defaultConfigurationName = Release;
		};
/* End XCConfigurationList section */

/* Begin XCVersionGroup section */
		37D4FFF520DFC0330047D88B /* Ran.xcdatamodeld */ = {
			isa = XCVersionGroup;
			children = (
				37D4FFF620DFC0330047D88B /* Ran.xcdatamodel */,
			);
			currentVersion = 37D4FFF620DFC0330047D88B /* Ran.xcdatamodel */;
			path = Ran.xcdatamodeld;
			sourceTree = "<group>";
			versionGroupType = wrapper.xcdatamodel;
		};
/* End XCVersionGroup section */
	};
	rootObject = 37D4FFE820DFC0320047D88B /* Project object */;
}
